
Microsoft Visual Studio Solution File, Format Version 12.00
# Visual Studio Version 17
VisualStudioVersion = 17.0.31903.59
MinimumVisualStudioVersion = 10.0.40219.1
Project("{FAE04EC0-301F-11D3-BF4B-00C04F79EFBC}") = "Logic.Core", "Logic.Core\Logic.Core.csproj", "{F584BB72-18C5-4798-A5C1-87ADA482EA50}"
EndProject
Project("{FAE04EC0-301F-11D3-BF4B-00C04F79EFBC}") = "Logic.Tests", "Logic.Tests\Logic.Tests.csproj", "{829E5702-6D3A-4E72-9FD2-013CFAE5ED1B}"
EndProject
Project("{FAE04EC0-301F-11D3-BF4B-00C04F79EFBC}") = "CommandFramework", "..\Tools\Cli\CommandFramework\CommandFramework.csproj", "{C78E346C-E664-4352-BD28-51B7C1E639B2}"
EndProject
Project("{FAE04EC0-301F-11D3-BF4B-00C04F79EFBC}") = "CommandHost", "..\Tools\Cli\CommandHost\CommandHost.csproj", "{980F0A60-9399-4137-8335-251516851E9A}"
EndProject
Project("{FAE04EC0-301F-11D3-BF4B-00C04F79EFBC}") = "Toolkit.Tests", "Toolkit.Tests\Toolkit.Tests.csproj", "{DE8291E6-DA8A-4C15-9860-1E9B17A2B4CB}"
EndProject
Project("{FAE04EC0-301F-11D3-BF4B-00C04F79EFBC}") = "Gates", "..\Tools\Gates\Gates.csproj", "{C50EA2DA-A534-4A6E-9A86-906D38BC7928}"
EndProject
Project("{FAE04EC0-301F-11D3-BF4B-00C04F79EFBC}") = "Gates.Tests", "Gates.Tests\Gates.Tests.csproj", "{D1DD33FC-D550-43CD-B730-D87310BFE37F}"
EndProject
Project("{FAE04EC0-301F-11D3-BF4B-00C04F79EFBC}") = "ConfigBridge", "..\Tools\ConfigBridge\ConfigBridge.csproj", "{754A803E-C596-486A-82D4-F2EB761797A3}"
EndProject
Project("{FAE04EC0-301F-11D3-BF4B-00C04F79EFBC}") = "ConfigBridge.Tests", "ConfigBridge.Tests\ConfigBridge.Tests.csproj", "{EDCD4228-5568-46B8-9C58-B6199C1DFB04}"
EndProject
Project("{FAE04EC0-301F-11D3-BF4B-00C04F79EFBC}") = "Indexing", "..\Tools\Indexing\Indexing.csproj", "{FFE771B2-08F4-4028-B93F-D3153B4702DA}"
EndProject
Project("{FAE04EC0-301F-11D3-BF4B-00C04F79EFBC}") = "ProjectMcpServer", "..\Tools\Mcp\ProjectMcpServer.csproj", "{195822F6-7EA2-474A-AA1B-B66D8F71DDD7}"
EndProject
Project("{FAE04EC0-301F-11D3-BF4B-00C04F79EFBC}") = "Indexing.Tests", "Indexing.Tests\Indexing.Tests.csproj", "{B556FED9-887E-482F-BD03-34977587567D}"
EndProject
Project("{FAE04EC0-301F-11D3-BF4B-00C04F79EFBC}") = "Save.Tests", "Save.Tests\Save.Tests.csproj", "{67361BF2-AB00-4C79-AE9F-E307DDF82CE1}"
EndProject
Project("{FAE04EC0-301F-11D3-BF4B-00C04F79EFBC}") = "UiScaffold", "..\Tools\UiScaffold\UiScaffold.csproj", "{47E61DC1-7BD9-4387-BCC3-D0898708C0C6}"
EndProject
Project("{FAE04EC0-301F-11D3-BF4B-00C04F79EFBC}") = "UiFramework.Tests", "UiFramework.Tests\UiFramework.Tests.csproj", "{8DF17EA8-2A39-4E57-B5BD-E5543B419825}"
EndProject
Project("{FAE04EC0-301F-11D3-BF4B-00C04F79EFBC}") = "GraphAdapter.Tests", "GraphAdapter.Tests\GraphAdapter.Tests.csproj", "{54A36143-D117-4EF5-864A-BA6E83887C9B}"
EndProject
Project("{FAE04EC0-301F-11D3-BF4B-00C04F79EFBC}") = "Hotfix.Tests", "Hotfix.Tests\Hotfix.Tests.csproj", "{90AE16EE-6F2C-44BA-9D77-FC0561E54236}"
EndProject
Project("{FAE04EC0-301F-11D3-BF4B-00C04F79EFBC}") = "AssetPipeline", "..\Tools\AssetPipeline\AssetPipeline.csproj", "{7A3A6D0F-1751-4443-94C9-8868A54D1167}"
EndProject
Project("{FAE04EC0-301F-11D3-BF4B-00C04F79EFBC}") = "AssetPipeline.Tests", "AssetPipeline.Tests\AssetPipeline.Tests.csproj", "{3D97235B-00FE-4FCE-839E-C951C89FBF4D}"
EndProject
Project("{FAE04EC0-301F-11D3-BF4B-00C04F79EFBC}") = "CodeGen", "..\Tools\CodeGen\CodeGen.csproj", "{1F4E4E2B-8F97-46C2-93FF-474BC0C4FFB1}"
EndProject
Project("{FAE04EC0-301F-11D3-BF4B-00C04F79EFBC}") = "CodeGen.Tests", "CodeGen.Tests\CodeGen.Tests.csproj", "{D82768D6-89B2-4B23-B76F-CF27AAA8987D}"
EndProject
Project("{FAE04EC0-301F-11D3-BF4B-00C04F79EFBC}") = "ProjectScaffold", "..\Tools\Scaffold\ProjectScaffold.csproj", "{9DF92548-4154-4F25-83EB-37172E2D22C1}"
EndProject
Project("{FAE04EC0-301F-11D3-BF4B-00C04F79EFBC}") = "Scaffold.Tests", "Scaffold.Tests\Scaffold.Tests.csproj", "{FB28167F-A706-43CE-BE5D-6CD47044015C}"
EndProject
Project("{FAE04EC0-301F-11D3-BF4B-00C04F79EFBC}") = "Dashboard", "..\Tools\Dashboard\Dashboard.csproj", "{8C1A05E5-2BE2-402D-8FAF-3C8902C9341A}"
EndProject
Project("{FAE04EC0-301F-11D3-BF4B-00C04F79EFBC}") = "Dashboard.Tests", "Dashboard.Tests\Dashboard.Tests.csproj", "{3FA58DE9-0443-4278-B697-F2C698654D8C}"
EndProject
Project("{FAE04EC0-301F-11D3-BF4B-00C04F79EFBC}") = "Timer.Tests", "Timer.Tests\Timer.Tests.csproj", "{DE368EC5-ABEE-4B9C-8125-F86BB8C1D43E}"
EndProject
Project("{FAE04EC0-301F-11D3-BF4B-00C04F79EFBC}") = "Hotfix", "..\Tools\Hotfix\Hotfix.csproj", "{07F399AC-C375-4279-9D57-5D06E6CF5335}"
EndProject
Project("{FAE04EC0-301F-11D3-BF4B-00C04F79EFBC}") = "FileServer", "..\Tools\FileServer\FileServer.csproj", "{3C1B7E64-5A2D-4E18-9F73-2B6D40E1A9C4}"
EndProject
Project("{FAE04EC0-301F-11D3-BF4B-00C04F79EFBC}") = "Input.Tests", "Input.Tests\Input.Tests.csproj", "{AA1E80F9-8B5D-4FC6-8FD7-69482D8A745A}"
EndProject
Project("{FAE04EC0-301F-11D3-BF4B-00C04F79EFBC}") = "ObjectPool.Tests", "ObjectPool.Tests\ObjectPool.Tests.csproj", "{43076892-B1C9-41E3-BFE5-A97D5BBCA777}"
EndProject
Project("{FAE04EC0-301F-11D3-BF4B-00C04F79EFBC}") = "Event.Tests", "Event.Tests\Event.Tests.csproj", "{8B613CF6-C530-4556-AE02-B70C9914BF4E}"
EndProject
Project("{FAE04EC0-301F-11D3-BF4B-00C04F79EFBC}") = "MonoDriver.Tests", "MonoDriver.Tests\MonoDriver.Tests.csproj", "{CCB2F4B5-4B6F-4F94-AE4E-91F3D5F37DAB}"
EndProject
Project("{FAE04EC0-301F-11D3-BF4B-00C04F79EFBC}") = "Logging.Tests", "Logging.Tests\Logging.Tests.csproj", "{03262860-7D6D-44D2-9A8D-77833728BF2A}"
EndProject
Project("{FAE04EC0-301F-11D3-BF4B-00C04F79EFBC}") = "Audio.Tests", "Audio.Tests\Audio.Tests.csproj", "{4DA81820-DA54-4B85-927F-1F39ADC31113}"
EndProject
Project("{FAE04EC0-301F-11D3-BF4B-00C04F79EFBC}") = "Localization.Tests", "Localization.Tests\Localization.Tests.csproj", "{CF1BD3C0-F682-447F-959D-8A0FF111A34B}"
EndProject
Project("{FAE04EC0-301F-11D3-BF4B-00C04F79EFBC}") = "Scene.Tests", "Scene.Tests\Scene.Tests.csproj", "{377C4406-5501-4793-AD19-2365FFAD4E9A}"
EndProject
Project("{FAE04EC0-301F-11D3-BF4B-00C04F79EFBC}") = "Resource.Tests", "Resource.Tests\Resource.Tests.csproj", "{DE99A395-EA68-4FCC-9B22-6277A6F856A6}"
EndProject
Project("{FAE04EC0-301F-11D3-BF4B-00C04F79EFBC}") = "WorldSpaceUI.Tests", "WorldSpaceUI.Tests\WorldSpaceUI.Tests.csproj", "{F66CFAA9-DD19-4E37-8C1F-3A83BBE468FE}"
EndProject
Project("{FAE04EC0-301F-11D3-BF4B-00C04F79EFBC}") = "HotfixProbeGenerator", "..\Tools\SourceGenerators\HotfixProbe\HotfixProbeGenerator.csproj", "{5391A74E-47D8-46B4-8D12-949EABDAFDE6}"
EndProject
Global
	GlobalSection(SolutionConfigurationPlatforms) = preSolution
		Debug|Any CPU = Debug|Any CPU
		Debug|x64 = Debug|x64
		Debug|x86 = Debug|x86
		Release|Any CPU = Release|Any CPU
		Release|x64 = Release|x64
		Release|x86 = Release|x86
	EndGlobalSection
	GlobalSection(ProjectConfigurationPlatforms) = postSolution
		{F584BB72-18C5-4798-A5C1-87ADA482EA50}.Debug|Any CPU.ActiveCfg = Debug|Any CPU
		{F584BB72-18C5-4798-A5C1-87ADA482EA50}.Debug|Any CPU.Build.0 = Debug|Any CPU
		{F584BB72-18C5-4798-A5C1-87ADA482EA50}.Debug|x64.ActiveCfg = Debug|Any CPU
		{F584BB72-18C5-4798-A5C1-87ADA482EA50}.Debug|x64.Build.0 = Debug|Any CPU
		{F584BB72-18C5-4798-A5C1-87ADA482EA50}.Debug|x86.ActiveCfg = Debug|Any CPU
		{F584BB72-18C5-4798-A5C1-87ADA482EA50}.Debug|x86.Build.0 = Debug|Any CPU
		{F584BB72-18C5-4798-A5C1-87ADA482EA50}.Release|Any CPU.ActiveCfg = Release|Any CPU
		{F584BB72-18C5-4798-A5C1-87ADA482EA50}.Release|Any CPU.Build.0 = Release|Any CPU
		{F584BB72-18C5-4798-A5C1-87ADA482EA50}.Release|x64.ActiveCfg = Release|Any CPU
		{F584BB72-18C5-4798-A5C1-87ADA482EA50}.Release|x64.Build.0 = Release|Any CPU
		{F584BB72-18C5-4798-A5C1-87ADA482EA50}.Release|x86.ActiveCfg = Release|Any CPU
		{F584BB72-18C5-4798-A5C1-87ADA482EA50}.Release|x86.Build.0 = Release|Any CPU
		{829E5702-6D3A-4E72-9FD2-013CFAE5ED1B}.Debug|Any CPU.ActiveCfg = Debug|Any CPU
		{829E5702-6D3A-4E72-9FD2-013CFAE5ED1B}.Debug|Any CPU.Build.0 = Debug|Any CPU
		{829E5702-6D3A-4E72-9FD2-013CFAE5ED1B}.Debug|x64.ActiveCfg = Debug|Any CPU
		{829E5702-6D3A-4E72-9FD2-013CFAE5ED1B}.Debug|x64.Build.0 = Debug|Any CPU
		{829E5702-6D3A-4E72-9FD2-013CFAE5ED1B}.Debug|x86.ActiveCfg = Debug|Any CPU
		{829E5702-6D3A-4E72-9FD2-013CFAE5ED1B}.Debug|x86.Build.0 = Debug|Any CPU
		{829E5702-6D3A-4E72-9FD2-013CFAE5ED1B}.Release|Any CPU.ActiveCfg = Release|Any CPU
		{829E5702-6D3A-4E72-9FD2-013CFAE5ED1B}.Release|Any CPU.Build.0 = Release|Any CPU
		{829E5702-6D3A-4E72-9FD2-013CFAE5ED1B}.Release|x64.ActiveCfg = Release|Any CPU
		{829E5702-6D3A-4E72-9FD2-013CFAE5ED1B}.Release|x64.Build.0 = Release|Any CPU
		{829E5702-6D3A-4E72-9FD2-013CFAE5ED1B}.Release|x86.ActiveCfg = Release|Any CPU
		{829E5702-6D3A-4E72-9FD2-013CFAE5ED1B}.Release|x86.Build.0 = Release|Any CPU
		{C78E346C-E664-4352-BD28-51B7C1E639B2}.Debug|Any CPU.ActiveCfg = Debug|Any CPU
		{C78E346C-E664-4352-BD28-51B7C1E639B2}.Debug|Any CPU.Build.0 = Debug|Any CPU
		{C78E346C-E664-4352-BD28-51B7C1E639B2}.Debug|x64.ActiveCfg = Debug|Any CPU
		{C78E346C-E664-4352-BD28-51B7C1E639B2}.Debug|x64.Build.0 = Debug|Any CPU
		{C78E346C-E664-4352-BD28-51B7C1E639B2}.Debug|x86.ActiveCfg = Debug|Any CPU
		{C78E346C-E664-4352-BD28-51B7C1E639B2}.Debug|x86.Build.0 = Debug|Any CPU
		{C78E346C-E664-4352-BD28-51B7C1E639B2}.Release|Any CPU.ActiveCfg = Release|Any CPU
		{C78E346C-E664-4352-BD28-51B7C1E639B2}.Release|Any CPU.Build.0 = Release|Any CPU
		{C78E346C-E664-4352-BD28-51B7C1E639B2}.Release|x64.ActiveCfg = Release|Any CPU
		{C78E346C-E664-4352-BD28-51B7C1E639B2}.Release|x64.Build.0 = Release|Any CPU
		{C78E346C-E664-4352-BD28-51B7C1E639B2}.Release|x86.ActiveCfg = Release|Any CPU
		{C78E346C-E664-4352-BD28-51B7C1E639B2}.Release|x86.Build.0 = Release|Any CPU
		{980F0A60-9399-4137-8335-251516851E9A}.Debug|Any CPU.ActiveCfg = Debug|Any CPU
		{980F0A60-9399-4137-8335-251516851E9A}.Debug|Any CPU.Build.0 = Debug|Any CPU
		{980F0A60-9399-4137-8335-251516851E9A}.Debug|x64.ActiveCfg = Debug|Any CPU
		{980F0A60-9399-4137-8335-251516851E9A}.Debug|x64.Build.0 = Debug|Any CPU
		{980F0A60-9399-4137-8335-251516851E9A}.Debug|x86.ActiveCfg = Debug|Any CPU
		{980F0A60-9399-4137-8335-251516851E9A}.Debug|x86.Build.0 = Debug|Any CPU
		{980F0A60-9399-4137-8335-251516851E9A}.Release|Any CPU.ActiveCfg = Release|Any CPU
		{980F0A60-9399-4137-8335-251516851E9A}.Release|Any CPU.Build.0 = Release|Any CPU
		{980F0A60-9399-4137-8335-251516851E9A}.Release|x64.ActiveCfg = Release|Any CPU
		{980F0A60-9399-4137-8335-251516851E9A}.Release|x64.Build.0 = Release|Any CPU
		{980F0A60-9399-4137-8335-251516851E9A}.Release|x86.ActiveCfg = Release|Any CPU
		{980F0A60-9399-4137-8335-251516851E9A}.Release|x86.Build.0 = Release|Any CPU
		{DE8291E6-DA8A-4C15-9860-1E9B17A2B4CB}.Debug|Any CPU.ActiveCfg = Debug|Any CPU
		{DE8291E6-DA8A-4C15-9860-1E9B17A2B4CB}.Debug|Any CPU.Build.0 = Debug|Any CPU
		{DE8291E6-DA8A-4C15-9860-1E9B17A2B4CB}.Debug|x64.ActiveCfg = Debug|Any CPU
		{DE8291E6-DA8A-4C15-9860-1E9B17A2B4CB}.Debug|x64.Build.0 = Debug|Any CPU
		{DE8291E6-DA8A-4C15-9860-1E9B17A2B4CB}.Debug|x86.ActiveCfg = Debug|Any CPU
		{DE8291E6-DA8A-4C15-9860-1E9B17A2B4CB}.Debug|x86.Build.0 = Debug|Any CPU
		{DE8291E6-DA8A-4C15-9860-1E9B17A2B4CB}.Release|Any CPU.ActiveCfg = Release|Any CPU
		{DE8291E6-DA8A-4C15-9860-1E9B17A2B4CB}.Release|Any CPU.Build.0 = Release|Any CPU
		{DE8291E6-DA8A-4C15-9860-1E9B17A2B4CB}.Release|x64.ActiveCfg = Release|Any CPU
		{DE8291E6-DA8A-4C15-9860-1E9B17A2B4CB}.Release|x64.Build.0 = Release|Any CPU
		{DE8291E6-DA8A-4C15-9860-1E9B17A2B4CB}.Release|x86.ActiveCfg = Release|Any CPU
		{DE8291E6-DA8A-4C15-9860-1E9B17A2B4CB}.Release|x86.Build.0 = Release|Any CPU
		{C50EA2DA-A534-4A6E-9A86-906D38BC7928}.Debug|Any CPU.ActiveCfg = Debug|Any CPU
		{C50EA2DA-A534-4A6E-9A86-906D38BC7928}.Debug|Any CPU.Build.0 = Debug|Any CPU
		{C50EA2DA-A534-4A6E-9A86-906D38BC7928}.Debug|x64.ActiveCfg = Debug|Any CPU
		{C50EA2DA-A534-4A6E-9A86-906D38BC7928}.Debug|x64.Build.0 = Debug|Any CPU
		{C50EA2DA-A534-4A6E-9A86-906D38BC7928}.Debug|x86.ActiveCfg = Debug|Any CPU
		{C50EA2DA-A534-4A6E-9A86-906D38BC7928}.Debug|x86.Build.0 = Debug|Any CPU
		{C50EA2DA-A534-4A6E-9A86-906D38BC7928}.Release|Any CPU.ActiveCfg = Release|Any CPU
		{C50EA2DA-A534-4A6E-9A86-906D38BC7928}.Release|Any CPU.Build.0 = Release|Any CPU
		{C50EA2DA-A534-4A6E-9A86-906D38BC7928}.Release|x64.ActiveCfg = Release|Any CPU
		{C50EA2DA-A534-4A6E-9A86-906D38BC7928}.Release|x64.Build.0 = Release|Any CPU
		{C50EA2DA-A534-4A6E-9A86-906D38BC7928}.Release|x86.ActiveCfg = Release|Any CPU
		{C50EA2DA-A534-4A6E-9A86-906D38BC7928}.Release|x86.Build.0 = Release|Any CPU
		{D1DD33FC-D550-43CD-B730-D87310BFE37F}.Debug|Any CPU.ActiveCfg = Debug|Any CPU
		{D1DD33FC-D550-43CD-B730-D87310BFE37F}.Debug|Any CPU.Build.0 = Debug|Any CPU
		{D1DD33FC-D550-43CD-B730-D87310BFE37F}.Debug|x64.ActiveCfg = Debug|Any CPU
		{D1DD33FC-D550-43CD-B730-D87310BFE37F}.Debug|x64.Build.0 = Debug|Any CPU
		{D1DD33FC-D550-43CD-B730-D87310BFE37F}.Debug|x86.ActiveCfg = Debug|Any CPU
		{D1DD33FC-D550-43CD-B730-D87310BFE37F}.Debug|x86.Build.0 = Debug|Any CPU
		{D1DD33FC-D550-43CD-B730-D87310BFE37F}.Release|Any CPU.ActiveCfg = Release|Any CPU
		{D1DD33FC-D550-43CD-B730-D87310BFE37F}.Release|Any CPU.Build.0 = Release|Any CPU
		{D1DD33FC-D550-43CD-B730-D87310BFE37F}.Release|x64.ActiveCfg = Release|Any CPU
		{D1DD33FC-D550-43CD-B730-D87310BFE37F}.Release|x64.Build.0 = Release|Any CPU
		{D1DD33FC-D550-43CD-B730-D87310BFE37F}.Release|x86.ActiveCfg = Release|Any CPU
		{D1DD33FC-D550-43CD-B730-D87310BFE37F}.Release|x86.Build.0 = Release|Any CPU
		{754A803E-C596-486A-82D4-F2EB761797A3}.Debug|Any CPU.ActiveCfg = Debug|Any CPU
		{754A803E-C596-486A-82D4-F2EB761797A3}.Debug|Any CPU.Build.0 = Debug|Any CPU
		{754A803E-C596-486A-82D4-F2EB761797A3}.Debug|x64.ActiveCfg = Debug|Any CPU
		{754A803E-C596-486A-82D4-F2EB761797A3}.Debug|x64.Build.0 = Debug|Any CPU
		{754A803E-C596-486A-82D4-F2EB761797A3}.Debug|x86.ActiveCfg = Debug|Any CPU
		{754A803E-C596-486A-82D4-F2EB761797A3}.Debug|x86.Build.0 = Debug|Any CPU
		{754A803E-C596-486A-82D4-F2EB761797A3}.Release|Any CPU.ActiveCfg = Release|Any CPU
		{754A803E-C596-486A-82D4-F2EB761797A3}.Release|Any CPU.Build.0 = Release|Any CPU
		{754A803E-C596-486A-82D4-F2EB761797A3}.Release|x64.ActiveCfg = Release|Any CPU
		{754A803E-C596-486A-82D4-F2EB761797A3}.Release|x64.Build.0 = Release|Any CPU
		{754A803E-C596-486A-82D4-F2EB761797A3}.Release|x86.ActiveCfg = Release|Any CPU
		{754A803E-C596-486A-82D4-F2EB761797A3}.Release|x86.Build.0 = Release|Any CPU
		{EDCD4228-5568-46B8-9C58-B6199C1DFB04}.Debug|Any CPU.ActiveCfg = Debug|Any CPU
		{EDCD4228-5568-46B8-9C58-B6199C1DFB04}.Debug|Any CPU.Build.0 = Debug|Any CPU
		{EDCD4228-5568-46B8-9C58-B6199C1DFB04}.Debug|x64.ActiveCfg = Debug|Any CPU
		{EDCD4228-5568-46B8-9C58-B6199C1DFB04}.Debug|x64.Build.0 = Debug|Any CPU
		{EDCD4228-5568-46B8-9C58-B6199C1DFB04}.Debug|x86.ActiveCfg = Debug|Any CPU
		{EDCD4228-5568-46B8-9C58-B6199C1DFB04}.Debug|x86.Build.0 = Debug|Any CPU
		{EDCD4228-5568-46B8-9C58-B6199C1DFB04}.Release|Any CPU.ActiveCfg = Release|Any CPU
		{EDCD4228-5568-46B8-9C58-B6199C1DFB04}.Release|Any CPU.Build.0 = Release|Any CPU
		{EDCD4228-5568-46B8-9C58-B6199C1DFB04}.Release|x64.ActiveCfg = Release|Any CPU
		{EDCD4228-5568-46B8-9C58-B6199C1DFB04}.Release|x64.Build.0 = Release|Any CPU
		{EDCD4228-5568-46B8-9C58-B6199C1DFB04}.Release|x86.ActiveCfg = Release|Any CPU
		{EDCD4228-5568-46B8-9C58-B6199C1DFB04}.Release|x86.Build.0 = Release|Any CPU
		{FFE771B2-08F4-4028-B93F-D3153B4702DA}.Debug|Any CPU.ActiveCfg = Debug|Any CPU
		{FFE771B2-08F4-4028-B93F-D3153B4702DA}.Debug|Any CPU.Build.0 = Debug|Any CPU
		{FFE771B2-08F4-4028-B93F-D3153B4702DA}.Debug|x64.ActiveCfg = Debug|Any CPU
		{FFE771B2-08F4-4028-B93F-D3153B4702DA}.Debug|x64.Build.0 = Debug|Any CPU
		{FFE771B2-08F4-4028-B93F-D3153B4702DA}.Debug|x86.ActiveCfg = Debug|Any CPU
		{FFE771B2-08F4-4028-B93F-D3153B4702DA}.Debug|x86.Build.0 = Debug|Any CPU
		{FFE771B2-08F4-4028-B93F-D3153B4702DA}.Release|Any CPU.ActiveCfg = Release|Any CPU
		{FFE771B2-08F4-4028-B93F-D3153B4702DA}.Release|Any CPU.Build.0 = Release|Any CPU
		{FFE771B2-08F4-4028-B93F-D3153B4702DA}.Release|x64.ActiveCfg = Release|Any CPU
		{FFE771B2-08F4-4028-B93F-D3153B4702DA}.Release|x64.Build.0 = Release|Any CPU
		{FFE771B2-08F4-4028-B93F-D3153B4702DA}.Release|x86.ActiveCfg = Release|Any CPU
		{FFE771B2-08F4-4028-B93F-D3153B4702DA}.Release|x86.Build.0 = Release|Any CPU
		{195822F6-7EA2-474A-AA1B-B66D8F71DDD7}.Debug|Any CPU.ActiveCfg = Debug|Any CPU
		{195822F6-7EA2-474A-AA1B-B66D8F71DDD7}.Debug|Any CPU.Build.0 = Debug|Any CPU
		{195822F6-7EA2-474A-AA1B-B66D8F71DDD7}.Debug|x64.ActiveCfg = Debug|Any CPU
		{195822F6-7EA2-474A-AA1B-B66D8F71DDD7}.Debug|x64.Build.0 = Debug|Any CPU
		{195822F6-7EA2-474A-AA1B-B66D8F71DDD7}.Debug|x86.ActiveCfg = Debug|Any CPU
		{195822F6-7EA2-474A-AA1B-B66D8F71DDD7}.Debug|x86.Build.0 = Debug|Any CPU
		{195822F6-7EA2-474A-AA1B-B66D8F71DDD7}.Release|Any CPU.ActiveCfg = Release|Any CPU
		{195822F6-7EA2-474A-AA1B-B66D8F71DDD7}.Release|Any CPU.Build.0 = Release|Any CPU
		{195822F6-7EA2-474A-AA1B-B66D8F71DDD7}.Release|x64.ActiveCfg = Release|Any CPU
		{195822F6-7EA2-474A-AA1B-B66D8F71DDD7}.Release|x64.Build.0 = Release|Any CPU
		{195822F6-7EA2-474A-AA1B-B66D8F71DDD7}.Release|x86.ActiveCfg = Release|Any CPU
		{195822F6-7EA2-474A-AA1B-B66D8F71DDD7}.Release|x86.Build.0 = Release|Any CPU
		{B556FED9-887E-482F-BD03-34977587567D}.Debug|Any CPU.ActiveCfg = Debug|Any CPU
		{B556FED9-887E-482F-BD03-34977587567D}.Debug|Any CPU.Build.0 = Debug|Any CPU
		{B556FED9-887E-482F-BD03-34977587567D}.Debug|x64.ActiveCfg = Debug|Any CPU
		{B556FED9-887E-482F-BD03-34977587567D}.Debug|x64.Build.0 = Debug|Any CPU
		{B556FED9-887E-482F-BD03-34977587567D}.Debug|x86.ActiveCfg = Debug|Any CPU
		{B556FED9-887E-482F-BD03-34977587567D}.Debug|x86.Build.0 = Debug|Any CPU
		{B556FED9-887E-482F-BD03-34977587567D}.Release|Any CPU.ActiveCfg = Release|Any CPU
		{B556FED9-887E-482F-BD03-34977587567D}.Release|Any CPU.Build.0 = Release|Any CPU
		{B556FED9-887E-482F-BD03-34977587567D}.Release|x64.ActiveCfg = Release|Any CPU
		{B556FED9-887E-482F-BD03-34977587567D}.Release|x64.Build.0 = Release|Any CPU
		{B556FED9-887E-482F-BD03-34977587567D}.Release|x86.ActiveCfg = Release|Any CPU
		{B556FED9-887E-482F-BD03-34977587567D}.Release|x86.Build.0 = Release|Any CPU
		{67361BF2-AB00-4C79-AE9F-E307DDF82CE1}.Debug|Any CPU.ActiveCfg = Debug|Any CPU
		{67361BF2-AB00-4C79-AE9F-E307DDF82CE1}.Debug|Any CPU.Build.0 = Debug|Any CPU
		{67361BF2-AB00-4C79-AE9F-E307DDF82CE1}.Debug|x64.ActiveCfg = Debug|Any CPU
		{67361BF2-AB00-4C79-AE9F-E307DDF82CE1}.Debug|x64.Build.0 = Debug|Any CPU
		{67361BF2-AB00-4C79-AE9F-E307DDF82CE1}.Debug|x86.ActiveCfg = Debug|Any CPU
		{67361BF2-AB00-4C79-AE9F-E307DDF82CE1}.Debug|x86.Build.0 = Debug|Any CPU
		{67361BF2-AB00-4C79-AE9F-E307DDF82CE1}.Release|Any CPU.ActiveCfg = Release|Any CPU
		{67361BF2-AB00-4C79-AE9F-E307DDF82CE1}.Release|Any CPU.Build.0 = Release|Any CPU
		{67361BF2-AB00-4C79-AE9F-E307DDF82CE1}.Release|x64.ActiveCfg = Release|Any CPU
		{67361BF2-AB00-4C79-AE9F-E307DDF82CE1}.Release|x64.Build.0 = Release|Any CPU
		{67361BF2-AB00-4C79-AE9F-E307DDF82CE1}.Release|x86.ActiveCfg = Release|Any CPU
		{67361BF2-AB00-4C79-AE9F-E307DDF82CE1}.Release|x86.Build.0 = Release|Any CPU
		{47E61DC1-7BD9-4387-BCC3-D0898708C0C6}.Debug|Any CPU.ActiveCfg = Debug|Any CPU
		{47E61DC1-7BD9-4387-BCC3-D0898708C0C6}.Debug|Any CPU.Build.0 = Debug|Any CPU
		{47E61DC1-7BD9-4387-BCC3-D0898708C0C6}.Debug|x64.ActiveCfg = Debug|Any CPU
		{47E61DC1-7BD9-4387-BCC3-D0898708C0C6}.Debug|x64.Build.0 = Debug|Any CPU
		{47E61DC1-7BD9-4387-BCC3-D0898708C0C6}.Debug|x86.ActiveCfg = Debug|Any CPU
		{47E61DC1-7BD9-4387-BCC3-D0898708C0C6}.Debug|x86.Build.0 = Debug|Any CPU
		{47E61DC1-7BD9-4387-BCC3-D0898708C0C6}.Release|Any CPU.ActiveCfg = Release|Any CPU
		{47E61DC1-7BD9-4387-BCC3-D0898708C0C6}.Release|Any CPU.Build.0 = Release|Any CPU
		{47E61DC1-7BD9-4387-BCC3-D0898708C0C6}.Release|x64.ActiveCfg = Release|Any CPU
		{47E61DC1-7BD9-4387-BCC3-D0898708C0C6}.Release|x64.Build.0 = Release|Any CPU
		{47E61DC1-7BD9-4387-BCC3-D0898708C0C6}.Release|x86.ActiveCfg = Release|Any CPU
		{47E61DC1-7BD9-4387-BCC3-D0898708C0C6}.Release|x86.Build.0 = Release|Any CPU
		{8DF17EA8-2A39-4E57-B5BD-E5543B419825}.Debug|Any CPU.ActiveCfg = Debug|Any CPU
		{8DF17EA8-2A39-4E57-B5BD-E5543B419825}.Debug|Any CPU.Build.0 = Debug|Any CPU
		{8DF17EA8-2A39-4E57-B5BD-E5543B419825}.Debug|x64.ActiveCfg = Debug|Any CPU
		{8DF17EA8-2A39-4E57-B5BD-E5543B419825}.Debug|x64.Build.0 = Debug|Any CPU
		{8DF17EA8-2A39-4E57-B5BD-E5543B419825}.Debug|x86.ActiveCfg = Debug|Any CPU
		{8DF17EA8-2A39-4E57-B5BD-E5543B419825}.Debug|x86.Build.0 = Debug|Any CPU
		{8DF17EA8-2A39-4E57-B5BD-E5543B419825}.Release|Any CPU.ActiveCfg = Release|Any CPU
		{8DF17EA8-2A39-4E57-B5BD-E5543B419825}.Release|Any CPU.Build.0 = Release|Any CPU
		{8DF17EA8-2A39-4E57-B5BD-E5543B419825}.Release|x64.ActiveCfg = Release|Any CPU
		{8DF17EA8-2A39-4E57-B5BD-E5543B419825}.Release|x64.Build.0 = Release|Any CPU
		{8DF17EA8-2A39-4E57-B5BD-E5543B419825}.Release|x86.ActiveCfg = Release|Any CPU
		{8DF17EA8-2A39-4E57-B5BD-E5543B419825}.Release|x86.Build.0 = Release|Any CPU
		{54A36143-D117-4EF5-864A-BA6E83887C9B}.Debug|Any CPU.ActiveCfg = Debug|Any CPU
		{54A36143-D117-4EF5-864A-BA6E83887C9B}.Debug|Any CPU.Build.0 = Debug|Any CPU
		{54A36143-D117-4EF5-864A-BA6E83887C9B}.Debug|x64.ActiveCfg = Debug|Any CPU
		{54A36143-D117-4EF5-864A-BA6E83887C9B}.Debug|x64.Build.0 = Debug|Any CPU
		{54A36143-D117-4EF5-864A-BA6E83887C9B}.Debug|x86.ActiveCfg = Debug|Any CPU
		{54A36143-D117-4EF5-864A-BA6E83887C9B}.Debug|x86.Build.0 = Debug|Any CPU
		{54A36143-D117-4EF5-864A-BA6E83887C9B}.Release|Any CPU.ActiveCfg = Release|Any CPU
		{54A36143-D117-4EF5-864A-BA6E83887C9B}.Release|Any CPU.Build.0 = Release|Any CPU
		{54A36143-D117-4EF5-864A-BA6E83887C9B}.Release|x64.ActiveCfg = Release|Any CPU
		{54A36143-D117-4EF5-864A-BA6E83887C9B}.Release|x64.Build.0 = Release|Any CPU
		{54A36143-D117-4EF5-864A-BA6E83887C9B}.Release|x86.ActiveCfg = Release|Any CPU
		{54A36143-D117-4EF5-864A-BA6E83887C9B}.Release|x86.Build.0 = Release|Any CPU
		{90AE16EE-6F2C-44BA-9D77-FC0561E54236}.Debug|Any CPU.ActiveCfg = Debug|Any CPU
		{90AE16EE-6F2C-44BA-9D77-FC0561E54236}.Debug|Any CPU.Build.0 = Debug|Any CPU
		{90AE16EE-6F2C-44BA-9D77-FC0561E54236}.Debug|x64.ActiveCfg = Debug|Any CPU
		{90AE16EE-6F2C-44BA-9D77-FC0561E54236}.Debug|x64.Build.0 = Debug|Any CPU
		{90AE16EE-6F2C-44BA-9D77-FC0561E54236}.Debug|x86.ActiveCfg = Debug|Any CPU
		{90AE16EE-6F2C-44BA-9D77-FC0561E54236}.Debug|x86.Build.0 = Debug|Any CPU
		{90AE16EE-6F2C-44BA-9D77-FC0561E54236}.Release|Any CPU.ActiveCfg = Release|Any CPU
		{90AE16EE-6F2C-44BA-9D77-FC0561E54236}.Release|Any CPU.Build.0 = Release|Any CPU
		{90AE16EE-6F2C-44BA-9D77-FC0561E54236}.Release|x64.ActiveCfg = Release|Any CPU
		{90AE16EE-6F2C-44BA-9D77-FC0561E54236}.Release|x64.Build.0 = Release|Any CPU
		{90AE16EE-6F2C-44BA-9D77-FC0561E54236}.Release|x86.ActiveCfg = Release|Any CPU
		{90AE16EE-6F2C-44BA-9D77-FC0561E54236}.Release|x86.Build.0 = Release|Any CPU
		{7A3A6D0F-1751-4443-94C9-8868A54D1167}.Debug|Any CPU.ActiveCfg = Debug|Any CPU
		{7A3A6D0F-1751-4443-94C9-8868A54D1167}.Debug|Any CPU.Build.0 = Debug|Any CPU
		{7A3A6D0F-1751-4443-94C9-8868A54D1167}.Debug|x64.ActiveCfg = Debug|Any CPU
		{7A3A6D0F-1751-4443-94C9-8868A54D1167}.Debug|x64.Build.0 = Debug|Any CPU
		{7A3A6D0F-1751-4443-94C9-8868A54D1167}.Debug|x86.ActiveCfg = Debug|Any CPU
		{7A3A6D0F-1751-4443-94C9-8868A54D1167}.Debug|x86.Build.0 = Debug|Any CPU
		{7A3A6D0F-1751-4443-94C9-8868A54D1167}.Release|Any CPU.ActiveCfg = Release|Any CPU
		{7A3A6D0F-1751-4443-94C9-8868A54D1167}.Release|Any CPU.Build.0 = Release|Any CPU
		{7A3A6D0F-1751-4443-94C9-8868A54D1167}.Release|x64.ActiveCfg = Release|Any CPU
		{7A3A6D0F-1751-4443-94C9-8868A54D1167}.Release|x64.Build.0 = Release|Any CPU
		{7A3A6D0F-1751-4443-94C9-8868A54D1167}.Release|x86.ActiveCfg = Release|Any CPU
		{7A3A6D0F-1751-4443-94C9-8868A54D1167}.Release|x86.Build.0 = Release|Any CPU
		{3D97235B-00FE-4FCE-839E-C951C89FBF4D}.Debug|Any CPU.ActiveCfg = Debug|Any CPU
		{3D97235B-00FE-4FCE-839E-C951C89FBF4D}.Debug|Any CPU.Build.0 = Debug|Any CPU
		{3D97235B-00FE-4FCE-839E-C951C89FBF4D}.Debug|x64.ActiveCfg = Debug|Any CPU
		{3D97235B-00FE-4FCE-839E-C951C89FBF4D}.Debug|x64.Build.0 = Debug|Any CPU
		{3D97235B-00FE-4FCE-839E-C951C89FBF4D}.Debug|x86.ActiveCfg = Debug|Any CPU
		{3D97235B-00FE-4FCE-839E-C951C89FBF4D}.Debug|x86.Build.0 = Debug|Any CPU
		{3D97235B-00FE-4FCE-839E-C951C89FBF4D}.Release|Any CPU.ActiveCfg = Release|Any CPU
		{3D97235B-00FE-4FCE-839E-C951C89FBF4D}.Release|Any CPU.Build.0 = Release|Any CPU
		{3D97235B-00FE-4FCE-839E-C951C89FBF4D}.Release|x64.ActiveCfg = Release|Any CPU
		{3D97235B-00FE-4FCE-839E-C951C89FBF4D}.Release|x64.Build.0 = Release|Any CPU
		{3D97235B-00FE-4FCE-839E-C951C89FBF4D}.Release|x86.ActiveCfg = Release|Any CPU
		{3D97235B-00FE-4FCE-839E-C951C89FBF4D}.Release|x86.Build.0 = Release|Any CPU
		{1F4E4E2B-8F97-46C2-93FF-474BC0C4FFB1}.Debug|Any CPU.ActiveCfg = Debug|Any CPU
		{1F4E4E2B-8F97-46C2-93FF-474BC0C4FFB1}.Debug|Any CPU.Build.0 = Debug|Any CPU
		{1F4E4E2B-8F97-46C2-93FF-474BC0C4FFB1}.Debug|x64.ActiveCfg = Debug|Any CPU
		{1F4E4E2B-8F97-46C2-93FF-474BC0C4FFB1}.Debug|x64.Build.0 = Debug|Any CPU
		{1F4E4E2B-8F97-46C2-93FF-474BC0C4FFB1}.Debug|x86.ActiveCfg = Debug|Any CPU
		{1F4E4E2B-8F97-46C2-93FF-474BC0C4FFB1}.Debug|x86.Build.0 = Debug|Any CPU
		{1F4E4E2B-8F97-46C2-93FF-474BC0C4FFB1}.Release|Any CPU.ActiveCfg = Release|Any CPU
		{1F4E4E2B-8F97-46C2-93FF-474BC0C4FFB1}.Release|Any CPU.Build.0 = Release|Any CPU
		{1F4E4E2B-8F97-46C2-93FF-474BC0C4FFB1}.Release|x64.ActiveCfg = Release|Any CPU
		{1F4E4E2B-8F97-46C2-93FF-474BC0C4FFB1}.Release|x64.Build.0 = Release|Any CPU
		{1F4E4E2B-8F97-46C2-93FF-474BC0C4FFB1}.Release|x86.ActiveCfg = Release|Any CPU
		{1F4E4E2B-8F97-46C2-93FF-474BC0C4FFB1}.Release|x86.Build.0 = Release|Any CPU
		{D82768D6-89B2-4B23-B76F-CF27AAA8987D}.Debug|Any CPU.ActiveCfg = Debug|Any CPU
		{D82768D6-89B2-4B23-B76F-CF27AAA8987D}.Debug|Any CPU.Build.0 = Debug|Any CPU
		{D82768D6-89B2-4B23-B76F-CF27AAA8987D}.Debug|x64.ActiveCfg = Debug|Any CPU
		{D82768D6-89B2-4B23-B76F-CF27AAA8987D}.Debug|x64.Build.0 = Debug|Any CPU
		{D82768D6-89B2-4B23-B76F-CF27AAA8987D}.Debug|x86.ActiveCfg = Debug|Any CPU
		{D82768D6-89B2-4B23-B76F-CF27AAA8987D}.Debug|x86.Build.0 = Debug|Any CPU
		{D82768D6-89B2-4B23-B76F-CF27AAA8987D}.Release|Any CPU.ActiveCfg = Release|Any CPU
		{D82768D6-89B2-4B23-B76F-CF27AAA8987D}.Release|Any CPU.Build.0 = Release|Any CPU
		{D82768D6-89B2-4B23-B76F-CF27AAA8987D}.Release|x64.ActiveCfg = Release|Any CPU
		{D82768D6-89B2-4B23-B76F-CF27AAA8987D}.Release|x64.Build.0 = Release|Any CPU
		{D82768D6-89B2-4B23-B76F-CF27AAA8987D}.Release|x86.ActiveCfg = Release|Any CPU
		{D82768D6-89B2-4B23-B76F-CF27AAA8987D}.Release|x86.Build.0 = Release|Any CPU
		{9DF92548-4154-4F25-83EB-37172E2D22C1}.Debug|Any CPU.ActiveCfg = Debug|Any CPU
		{9DF92548-4154-4F25-83EB-37172E2D22C1}.Debug|Any CPU.Build.0 = Debug|Any CPU
		{9DF92548-4154-4F25-83EB-37172E2D22C1}.Debug|x64.ActiveCfg = Debug|Any CPU
		{9DF92548-4154-4F25-83EB-37172E2D22C1}.Debug|x64.Build.0 = Debug|Any CPU
		{9DF92548-4154-4F25-83EB-37172E2D22C1}.Debug|x86.ActiveCfg = Debug|Any CPU
		{9DF92548-4154-4F25-83EB-37172E2D22C1}.Debug|x86.Build.0 = Debug|Any CPU
		{9DF92548-4154-4F25-83EB-37172E2D22C1}.Release|Any CPU.ActiveCfg = Release|Any CPU
		{9DF92548-4154-4F25-83EB-37172E2D22C1}.Release|Any CPU.Build.0 = Release|Any CPU
		{9DF92548-4154-4F25-83EB-37172E2D22C1}.Release|x64.ActiveCfg = Release|Any CPU
		{9DF92548-4154-4F25-83EB-37172E2D22C1}.Release|x64.Build.0 = Release|Any CPU
		{9DF92548-4154-4F25-83EB-37172E2D22C1}.Release|x86.ActiveCfg = Release|Any CPU
		{9DF92548-4154-4F25-83EB-37172E2D22C1}.Release|x86.Build.0 = Release|Any CPU
		{FB28167F-A706-43CE-BE5D-6CD47044015C}.Debug|Any CPU.ActiveCfg = Debug|Any CPU
		{FB28167F-A706-43CE-BE5D-6CD47044015C}.Debug|Any CPU.Build.0 = Debug|Any CPU
		{FB28167F-A706-43CE-BE5D-6CD47044015C}.Debug|x64.ActiveCfg = Debug|Any CPU
		{FB28167F-A706-43CE-BE5D-6CD47044015C}.Debug|x64.Build.0 = Debug|Any CPU
		{FB28167F-A706-43CE-BE5D-6CD47044015C}.Debug|x86.ActiveCfg = Debug|Any CPU
		{FB28167F-A706-43CE-BE5D-6CD47044015C}.Debug|x86.Build.0 = Debug|Any CPU
		{FB28167F-A706-43CE-BE5D-6CD47044015C}.Release|Any CPU.ActiveCfg = Release|Any CPU
		{FB28167F-A706-43CE-BE5D-6CD47044015C}.Release|Any CPU.Build.0 = Release|Any CPU
		{FB28167F-A706-43CE-BE5D-6CD47044015C}.Release|x64.ActiveCfg = Release|Any CPU
		{FB28167F-A706-43CE-BE5D-6CD47044015C}.Release|x64.Build.0 = Release|Any CPU
		{FB28167F-A706-43CE-BE5D-6CD47044015C}.Release|x86.ActiveCfg = Release|Any CPU
		{FB28167F-A706-43CE-BE5D-6CD47044015C}.Release|x86.Build.0 = Release|Any CPU
		{8C1A05E5-2BE2-402D-8FAF-3C8902C9341A}.Debug|Any CPU.ActiveCfg = Debug|Any CPU
		{8C1A05E5-2BE2-402D-8FAF-3C8902C9341A}.Debug|Any CPU.Build.0 = Debug|Any CPU
		{8C1A05E5-2BE2-402D-8FAF-3C8902C9341A}.Debug|x64.ActiveCfg = Debug|Any CPU
		{8C1A05E5-2BE2-402D-8FAF-3C8902C9341A}.Debug|x64.Build.0 = Debug|Any CPU
		{8C1A05E5-2BE2-402D-8FAF-3C8902C9341A}.Debug|x86.ActiveCfg = Debug|Any CPU
		{8C1A05E5-2BE2-402D-8FAF-3C8902C9341A}.Debug|x86.Build.0 = Debug|Any CPU
		{8C1A05E5-2BE2-402D-8FAF-3C8902C9341A}.Release|Any CPU.ActiveCfg = Release|Any CPU
		{8C1A05E5-2BE2-402D-8FAF-3C8902C9341A}.Release|Any CPU.Build.0 = Release|Any CPU
		{8C1A05E5-2BE2-402D-8FAF-3C8902C9341A}.Release|x64.ActiveCfg = Release|Any CPU
		{8C1A05E5-2BE2-402D-8FAF-3C8902C9341A}.Release|x64.Build.0 = Release|Any CPU
		{8C1A05E5-2BE2-402D-8FAF-3C8902C9341A}.Release|x86.ActiveCfg = Release|Any CPU
		{8C1A05E5-2BE2-402D-8FAF-3C8902C9341A}.Release|x86.Build.0 = Release|Any CPU
		{3FA58DE9-0443-4278-B697-F2C698654D8C}.Debug|Any CPU.ActiveCfg = Debug|Any CPU
		{3FA58DE9-0443-4278-B697-F2C698654D8C}.Debug|Any CPU.Build.0 = Debug|Any CPU
		{3FA58DE9-0443-4278-B697-F2C698654D8C}.Debug|x64.ActiveCfg = Debug|Any CPU
		{3FA58DE9-0443-4278-B697-F2C698654D8C}.Debug|x64.Build.0 = Debug|Any CPU
		{3FA58DE9-0443-4278-B697-F2C698654D8C}.Debug|x86.ActiveCfg = Debug|Any CPU
		{3FA58DE9-0443-4278-B697-F2C698654D8C}.Debug|x86.Build.0 = Debug|Any CPU
		{3FA58DE9-0443-4278-B697-F2C698654D8C}.Release|Any CPU.ActiveCfg = Release|Any CPU
		{3FA58DE9-0443-4278-B697-F2C698654D8C}.Release|Any CPU.Build.0 = Release|Any CPU
		{3FA58DE9-0443-4278-B697-F2C698654D8C}.Release|x64.ActiveCfg = Release|Any CPU
		{3FA58DE9-0443-4278-B697-F2C698654D8C}.Release|x64.Build.0 = Release|Any CPU
		{3FA58DE9-0443-4278-B697-F2C698654D8C}.Release|x86.ActiveCfg = Release|Any CPU
		{3FA58DE9-0443-4278-B697-F2C698654D8C}.Release|x86.Build.0 = Release|Any CPU
		{DE368EC5-ABEE-4B9C-8125-F86BB8C1D43E}.Debug|Any CPU.ActiveCfg = Debug|Any CPU
		{DE368EC5-ABEE-4B9C-8125-F86BB8C1D43E}.Debug|Any CPU.Build.0 = Debug|Any CPU
		{DE368EC5-ABEE-4B9C-8125-F86BB8C1D43E}.Debug|x64.ActiveCfg = Debug|Any CPU
		{DE368EC5-ABEE-4B9C-8125-F86BB8C1D43E}.Debug|x64.Build.0 = Debug|Any CPU
		{DE368EC5-ABEE-4B9C-8125-F86BB8C1D43E}.Debug|x86.ActiveCfg = Debug|Any CPU
		{DE368EC5-ABEE-4B9C-8125-F86BB8C1D43E}.Debug|x86.Build.0 = Debug|Any CPU
		{DE368EC5-ABEE-4B9C-8125-F86BB8C1D43E}.Release|Any CPU.ActiveCfg = Release|Any CPU
		{DE368EC5-ABEE-4B9C-8125-F86BB8C1D43E}.Release|Any CPU.Build.0 = Release|Any CPU
		{DE368EC5-ABEE-4B9C-8125-F86BB8C1D43E}.Release|x64.ActiveCfg = Release|Any CPU
		{DE368EC5-ABEE-4B9C-8125-F86BB8C1D43E}.Release|x64.Build.0 = Release|Any CPU
		{DE368EC5-ABEE-4B9C-8125-F86BB8C1D43E}.Release|x86.ActiveCfg = Release|Any CPU
		{DE368EC5-ABEE-4B9C-8125-F86BB8C1D43E}.Release|x86.Build.0 = Release|Any CPU
		{07F399AC-C375-4279-9D57-5D06E6CF5335}.Debug|Any CPU.ActiveCfg = Debug|Any CPU
		{07F399AC-C375-4279-9D57-5D06E6CF5335}.Debug|Any CPU.Build.0 = Debug|Any CPU
		{07F399AC-C375-4279-9D57-5D06E6CF5335}.Debug|x64.ActiveCfg = Debug|Any CPU
		{07F399AC-C375-4279-9D57-5D06E6CF5335}.Debug|x64.Build.0 = Debug|Any CPU
		{07F399AC-C375-4279-9D57-5D06E6CF5335}.Debug|x86.ActiveCfg = Debug|Any CPU
		{07F399AC-C375-4279-9D57-5D06E6CF5335}.Debug|x86.Build.0 = Debug|Any CPU
		{07F399AC-C375-4279-9D57-5D06E6CF5335}.Release|Any CPU.ActiveCfg = Release|Any CPU
		{07F399AC-C375-4279-9D57-5D06E6CF5335}.Release|Any CPU.Build.0 = Release|Any CPU
		{07F399AC-C375-4279-9D57-5D06E6CF5335}.Release|x64.ActiveCfg = Release|Any CPU
		{07F399AC-C375-4279-9D57-5D06E6CF5335}.Release|x64.Build.0 = Release|Any CPU
		{07F399AC-C375-4279-9D57-5D06E6CF5335}.Release|x86.ActiveCfg = Release|Any CPU
		{07F399AC-C375-4279-9D57-5D06E6CF5335}.Release|x86.Build.0 = Release|Any CPU
		{3C1B7E64-5A2D-4E18-9F73-2B6D40E1A9C4}.Debug|Any CPU.ActiveCfg = Debug|Any CPU
		{3C1B7E64-5A2D-4E18-9F73-2B6D40E1A9C4}.Debug|Any CPU.Build.0 = Debug|Any CPU
		{3C1B7E64-5A2D-4E18-9F73-2B6D40E1A9C4}.Debug|x64.ActiveCfg = Debug|Any CPU
		{3C1B7E64-5A2D-4E18-9F73-2B6D40E1A9C4}.Debug|x64.Build.0 = Debug|Any CPU
		{3C1B7E64-5A2D-4E18-9F73-2B6D40E1A9C4}.Debug|x86.ActiveCfg = Debug|Any CPU
		{3C1B7E64-5A2D-4E18-9F73-2B6D40E1A9C4}.Debug|x86.Build.0 = Debug|Any CPU
		{3C1B7E64-5A2D-4E18-9F73-2B6D40E1A9C4}.Release|Any CPU.ActiveCfg = Release|Any CPU
		{3C1B7E64-5A2D-4E18-9F73-2B6D40E1A9C4}.Release|Any CPU.Build.0 = Release|Any CPU
		{3C1B7E64-5A2D-4E18-9F73-2B6D40E1A9C4}.Release|x64.ActiveCfg = Release|Any CPU
		{3C1B7E64-5A2D-4E18-9F73-2B6D40E1A9C4}.Release|x64.Build.0 = Release|Any CPU
		{3C1B7E64-5A2D-4E18-9F73-2B6D40E1A9C4}.Release|x86.ActiveCfg = Release|Any CPU
		{3C1B7E64-5A2D-4E18-9F73-2B6D40E1A9C4}.Release|x86.Build.0 = Release|Any CPU
		{AA1E80F9-8B5D-4FC6-8FD7-69482D8A745A}.Debug|Any CPU.ActiveCfg = Debug|Any CPU
		{AA1E80F9-8B5D-4FC6-8FD7-69482D8A745A}.Debug|Any CPU.Build.0 = Debug|Any CPU
		{AA1E80F9-8B5D-4FC6-8FD7-69482D8A745A}.Debug|x64.ActiveCfg = Debug|Any CPU
		{AA1E80F9-8B5D-4FC6-8FD7-69482D8A745A}.Debug|x64.Build.0 = Debug|Any CPU
		{AA1E80F9-8B5D-4FC6-8FD7-69482D8A745A}.Debug|x86.ActiveCfg = Debug|Any CPU
		{AA1E80F9-8B5D-4FC6-8FD7-69482D8A745A}.Debug|x86.Build.0 = Debug|Any CPU
		{AA1E80F9-8B5D-4FC6-8FD7-69482D8A745A}.Release|Any CPU.ActiveCfg = Release|Any CPU
		{AA1E80F9-8B5D-4FC6-8FD7-69482D8A745A}.Release|Any CPU.Build.0 = Release|Any CPU
		{AA1E80F9-8B5D-4FC6-8FD7-69482D8A745A}.Release|x64.ActiveCfg = Release|Any CPU
		{AA1E80F9-8B5D-4FC6-8FD7-69482D8A745A}.Release|x64.Build.0 = Release|Any CPU
		{AA1E80F9-8B5D-4FC6-8FD7-69482D8A745A}.Release|x86.ActiveCfg = Release|Any CPU
		{AA1E80F9-8B5D-4FC6-8FD7-69482D8A745A}.Release|x86.Build.0 = Release|Any CPU
		{43076892-B1C9-41E3-BFE5-A97D5BBCA777}.Debug|Any CPU.ActiveCfg = Debug|Any CPU
		{43076892-B1C9-41E3-BFE5-A97D5BBCA777}.Debug|Any CPU.Build.0 = Debug|Any CPU
		{43076892-B1C9-41E3-BFE5-A97D5BBCA777}.Debug|x64.ActiveCfg = Debug|Any CPU
		{43076892-B1C9-41E3-BFE5-A97D5BBCA777}.Debug|x64.Build.0 = Debug|Any CPU
		{43076892-B1C9-41E3-BFE5-A97D5BBCA777}.Debug|x86.ActiveCfg = Debug|Any CPU
		{43076892-B1C9-41E3-BFE5-A97D5BBCA777}.Debug|x86.Build.0 = Debug|Any CPU
		{43076892-B1C9-41E3-BFE5-A97D5BBCA777}.Release|Any CPU.ActiveCfg = Release|Any CPU
		{43076892-B1C9-41E3-BFE5-A97D5BBCA777}.Release|Any CPU.Build.0 = Release|Any CPU
		{43076892-B1C9-41E3-BFE5-A97D5BBCA777}.Release|x64.ActiveCfg = Release|Any CPU
		{43076892-B1C9-41E3-BFE5-A97D5BBCA777}.Release|x64.Build.0 = Release|Any CPU
		{43076892-B1C9-41E3-BFE5-A97D5BBCA777}.Release|x86.ActiveCfg = Release|Any CPU
		{43076892-B1C9-41E3-BFE5-A97D5BBCA777}.Release|x86.Build.0 = Release|Any CPU
		{8B613CF6-C530-4556-AE02-B70C9914BF4E}.Debug|Any CPU.ActiveCfg = Debug|Any CPU
		{8B613CF6-C530-4556-AE02-B70C9914BF4E}.Debug|Any CPU.Build.0 = Debug|Any CPU
		{8B613CF6-C530-4556-AE02-B70C9914BF4E}.Debug|x64.ActiveCfg = Debug|Any CPU
		{8B613CF6-C530-4556-AE02-B70C9914BF4E}.Debug|x64.Build.0 = Debug|Any CPU
		{8B613CF6-C530-4556-AE02-B70C9914BF4E}.Debug|x86.ActiveCfg = Debug|Any CPU
		{8B613CF6-C530-4556-AE02-B70C9914BF4E}.Debug|x86.Build.0 = Debug|Any CPU
		{8B613CF6-C530-4556-AE02-B70C9914BF4E}.Release|Any CPU.ActiveCfg = Release|Any CPU
		{8B613CF6-C530-4556-AE02-B70C9914BF4E}.Release|Any CPU.Build.0 = Release|Any CPU
		{8B613CF6-C530-4556-AE02-B70C9914BF4E}.Release|x64.ActiveCfg = Release|Any CPU
		{8B613CF6-C530-4556-AE02-B70C9914BF4E}.Release|x64.Build.0 = Release|Any CPU
		{8B613CF6-C530-4556-AE02-B70C9914BF4E}.Release|x86.ActiveCfg = Release|Any CPU
		{8B613CF6-C530-4556-AE02-B70C9914BF4E}.Release|x86.Build.0 = Release|Any CPU
		{CCB2F4B5-4B6F-4F94-AE4E-91F3D5F37DAB}.Debug|Any CPU.ActiveCfg = Debug|Any CPU
		{CCB2F4B5-4B6F-4F94-AE4E-91F3D5F37DAB}.Debug|Any CPU.Build.0 = Debug|Any CPU
		{CCB2F4B5-4B6F-4F94-AE4E-91F3D5F37DAB}.Debug|x64.ActiveCfg = Debug|Any CPU
		{CCB2F4B5-4B6F-4F94-AE4E-91F3D5F37DAB}.Debug|x64.Build.0 = Debug|Any CPU
		{CCB2F4B5-4B6F-4F94-AE4E-91F3D5F37DAB}.Debug|x86.ActiveCfg = Debug|Any CPU
		{CCB2F4B5-4B6F-4F94-AE4E-91F3D5F37DAB}.Debug|x86.Build.0 = Debug|Any CPU
		{CCB2F4B5-4B6F-4F94-AE4E-91F3D5F37DAB}.Release|Any CPU.ActiveCfg = Release|Any CPU
		{CCB2F4B5-4B6F-4F94-AE4E-91F3D5F37DAB}.Release|Any CPU.Build.0 = Release|Any CPU
		{CCB2F4B5-4B6F-4F94-AE4E-91F3D5F37DAB}.Release|x64.ActiveCfg = Release|Any CPU
		{CCB2F4B5-4B6F-4F94-AE4E-91F3D5F37DAB}.Release|x64.Build.0 = Release|Any CPU
		{CCB2F4B5-4B6F-4F94-AE4E-91F3D5F37DAB}.Release|x86.ActiveCfg = Release|Any CPU
		{CCB2F4B5-4B6F-4F94-AE4E-91F3D5F37DAB}.Release|x86.Build.0 = Release|Any CPU
		{03262860-7D6D-44D2-9A8D-77833728BF2A}.Debug|Any CPU.ActiveCfg = Debug|Any CPU
		{03262860-7D6D-44D2-9A8D-77833728BF2A}.Debug|Any CPU.Build.0 = Debug|Any CPU
		{03262860-7D6D-44D2-9A8D-77833728BF2A}.Debug|x64.ActiveCfg = Debug|Any CPU
		{03262860-7D6D-44D2-9A8D-77833728BF2A}.Debug|x64.Build.0 = Debug|Any CPU
		{03262860-7D6D-44D2-9A8D-77833728BF2A}.Debug|x86.ActiveCfg = Debug|Any CPU
		{03262860-7D6D-44D2-9A8D-77833728BF2A}.Debug|x86.Build.0 = Debug|Any CPU
		{03262860-7D6D-44D2-9A8D-77833728BF2A}.Release|Any CPU.ActiveCfg = Release|Any CPU
		{03262860-7D6D-44D2-9A8D-77833728BF2A}.Release|Any CPU.Build.0 = Release|Any CPU
		{03262860-7D6D-44D2-9A8D-77833728BF2A}.Release|x64.ActiveCfg = Release|Any CPU
		{03262860-7D6D-44D2-9A8D-77833728BF2A}.Release|x64.Build.0 = Release|Any CPU
		{03262860-7D6D-44D2-9A8D-77833728BF2A}.Release|x86.ActiveCfg = Release|Any CPU
		{03262860-7D6D-44D2-9A8D-77833728BF2A}.Release|x86.Build.0 = Release|Any CPU
		{4DA81820-DA54-4B85-927F-1F39ADC31113}.Debug|Any CPU.ActiveCfg = Debug|Any CPU
		{4DA81820-DA54-4B85-927F-1F39ADC31113}.Debug|Any CPU.Build.0 = Debug|Any CPU
		{4DA81820-DA54-4B85-927F-1F39ADC31113}.Debug|x64.ActiveCfg = Debug|Any CPU
		{4DA81820-DA54-4B85-927F-1F39ADC31113}.Debug|x64.Build.0 = Debug|Any CPU
		{4DA81820-DA54-4B85-927F-1F39ADC31113}.Debug|x86.ActiveCfg = Debug|Any CPU
		{4DA81820-DA54-4B85-927F-1F39ADC31113}.Debug|x86.Build.0 = Debug|Any CPU
		{4DA81820-DA54-4B85-927F-1F39ADC31113}.Release|Any CPU.ActiveCfg = Release|Any CPU
		{4DA81820-DA54-4B85-927F-1F39ADC31113}.Release|Any CPU.Build.0 = Release|Any CPU
		{4DA81820-DA54-4B85-927F-1F39ADC31113}.Release|x64.ActiveCfg = Release|Any CPU
		{4DA81820-DA54-4B85-927F-1F39ADC31113}.Release|x64.Build.0 = Release|Any CPU
		{4DA81820-DA54-4B85-927F-1F39ADC31113}.Release|x86.ActiveCfg = Release|Any CPU
		{4DA81820-DA54-4B85-927F-1F39ADC31113}.Release|x86.Build.0 = Release|Any CPU
		{CF1BD3C0-F682-447F-959D-8A0FF111A34B}.Debug|Any CPU.ActiveCfg = Debug|Any CPU
		{CF1BD3C0-F682-447F-959D-8A0FF111A34B}.Debug|Any CPU.Build.0 = Debug|Any CPU
		{CF1BD3C0-F682-447F-959D-8A0FF111A34B}.Debug|x64.ActiveCfg = Debug|Any CPU
		{CF1BD3C0-F682-447F-959D-8A0FF111A34B}.Debug|x64.Build.0 = Debug|Any CPU
		{CF1BD3C0-F682-447F-959D-8A0FF111A34B}.Debug|x86.ActiveCfg = Debug|Any CPU
		{CF1BD3C0-F682-447F-959D-8A0FF111A34B}.Debug|x86.Build.0 = Debug|Any CPU
		{CF1BD3C0-F682-447F-959D-8A0FF111A34B}.Release|Any CPU.ActiveCfg = Release|Any CPU
		{CF1BD3C0-F682-447F-959D-8A0FF111A34B}.Release|Any CPU.Build.0 = Release|Any CPU
		{CF1BD3C0-F682-447F-959D-8A0FF111A34B}.Release|x64.ActiveCfg = Release|Any CPU
		{CF1BD3C0-F682-447F-959D-8A0FF111A34B}.Release|x64.Build.0 = Release|Any CPU
		{CF1BD3C0-F682-447F-959D-8A0FF111A34B}.Release|x86.ActiveCfg = Release|Any CPU
		{CF1BD3C0-F682-447F-959D-8A0FF111A34B}.Release|x86.Build.0 = Release|Any CPU
		{377C4406-5501-4793-AD19-2365FFAD4E9A}.Debug|Any CPU.ActiveCfg = Debug|Any CPU
		{377C4406-5501-4793-AD19-2365FFAD4E9A}.Debug|Any CPU.Build.0 = Debug|Any CPU
		{377C4406-5501-4793-AD19-2365FFAD4E9A}.Debug|x64.ActiveCfg = Debug|Any CPU
		{377C4406-5501-4793-AD19-2365FFAD4E9A}.Debug|x64.Build.0 = Debug|Any CPU
		{377C4406-5501-4793-AD19-2365FFAD4E9A}.Debug|x86.ActiveCfg = Debug|Any CPU
		{377C4406-5501-4793-AD19-2365FFAD4E9A}.Debug|x86.Build.0 = Debug|Any CPU
		{377C4406-5501-4793-AD19-2365FFAD4E9A}.Release|Any CPU.ActiveCfg = Release|Any CPU
		{377C4406-5501-4793-AD19-2365FFAD4E9A}.Release|Any CPU.Build.0 = Release|Any CPU
		{377C4406-5501-4793-AD19-2365FFAD4E9A}.Release|x64.ActiveCfg = Release|Any CPU
		{377C4406-5501-4793-AD19-2365FFAD4E9A}.Release|x64.Build.0 = Release|Any CPU
		{377C4406-5501-4793-AD19-2365FFAD4E9A}.Release|x86.ActiveCfg = Release|Any CPU
		{377C4406-5501-4793-AD19-2365FFAD4E9A}.Release|x86.Build.0 = Release|Any CPU
		{DE99A395-EA68-4FCC-9B22-6277A6F856A6}.Debug|Any CPU.ActiveCfg = Debug|Any CPU
		{DE99A395-EA68-4FCC-9B22-6277A6F856A6}.Debug|Any CPU.Build.0 = Debug|Any CPU
		{DE99A395-EA68-4FCC-9B22-6277A6F856A6}.Debug|x64.ActiveCfg = Debug|Any CPU
		{DE99A395-EA68-4FCC-9B22-6277A6F856A6}.Debug|x64.Build.0 = Debug|Any CPU
		{DE99A395-EA68-4FCC-9B22-6277A6F856A6}.Debug|x86.ActiveCfg = Debug|Any CPU
		{DE99A395-EA68-4FCC-9B22-6277A6F856A6}.Debug|x86.Build.0 = Debug|Any CPU
		{DE99A395-EA68-4FCC-9B22-6277A6F856A6}.Release|Any CPU.ActiveCfg = Release|Any CPU
		{DE99A395-EA68-4FCC-9B22-6277A6F856A6}.Release|Any CPU.Build.0 = Release|Any CPU
		{DE99A395-EA68-4FCC-9B22-6277A6F856A6}.Release|x64.ActiveCfg = Release|Any CPU
		{DE99A395-EA68-4FCC-9B22-6277A6F856A6}.Release|x64.Build.0 = Release|Any CPU
		{DE99A395-EA68-4FCC-9B22-6277A6F856A6}.Release|x86.ActiveCfg = Release|Any CPU
		{DE99A395-EA68-4FCC-9B22-6277A6F856A6}.Release|x86.Build.0 = Release|Any CPU
		{F66CFAA9-DD19-4E37-8C1F-3A83BBE468FE}.Debug|Any CPU.ActiveCfg = Debug|Any CPU
		{F66CFAA9-DD19-4E37-8C1F-3A83BBE468FE}.Debug|Any CPU.Build.0 = Debug|Any CPU
		{F66CFAA9-DD19-4E37-8C1F-3A83BBE468FE}.Debug|x64.ActiveCfg = Debug|Any CPU
		{F66CFAA9-DD19-4E37-8C1F-3A83BBE468FE}.Debug|x64.Build.0 = Debug|Any CPU
		{F66CFAA9-DD19-4E37-8C1F-3A83BBE468FE}.Debug|x86.ActiveCfg = Debug|Any CPU
		{F66CFAA9-DD19-4E37-8C1F-3A83BBE468FE}.Debug|x86.Build.0 = Debug|Any CPU
		{F66CFAA9-DD19-4E37-8C1F-3A83BBE468FE}.Release|Any CPU.ActiveCfg = Release|Any CPU
		{F66CFAA9-DD19-4E37-8C1F-3A83BBE468FE}.Release|Any CPU.Build.0 = Release|Any CPU
		{F66CFAA9-DD19-4E37-8C1F-3A83BBE468FE}.Release|x64.ActiveCfg = Release|Any CPU
		{F66CFAA9-DD19-4E37-8C1F-3A83BBE468FE}.Release|x64.Build.0 = Release|Any CPU
		{F66CFAA9-DD19-4E37-8C1F-3A83BBE468FE}.Release|x86.ActiveCfg = Release|Any CPU
		{F66CFAA9-DD19-4E37-8C1F-3A83BBE468FE}.Release|x86.Build.0 = Release|Any CPU
		{5391A74E-47D8-46B4-8D12-949EABDAFDE6}.Debug|Any CPU.ActiveCfg = Debug|Any CPU
		{5391A74E-47D8-46B4-8D12-949EABDAFDE6}.Debug|Any CPU.Build.0 = Debug|Any CPU
		{5391A74E-47D8-46B4-8D12-949EABDAFDE6}.Debug|x64.ActiveCfg = Debug|Any CPU
		{5391A74E-47D8-46B4-8D12-949EABDAFDE6}.Debug|x64.Build.0 = Debug|Any CPU
		{5391A74E-47D8-46B4-8D12-949EABDAFDE6}.Debug|x86.ActiveCfg = Debug|Any CPU
		{5391A74E-47D8-46B4-8D12-949EABDAFDE6}.Debug|x86.Build.0 = Debug|Any CPU
		{5391A74E-47D8-46B4-8D12-949EABDAFDE6}.Release|Any CPU.ActiveCfg = Release|Any CPU
		{5391A74E-47D8-46B4-8D12-949EABDAFDE6}.Release|Any CPU.Build.0 = Release|Any CPU
		{5391A74E-47D8-46B4-8D12-949EABDAFDE6}.Release|x64.ActiveCfg = Release|Any CPU
		{5391A74E-47D8-46B4-8D12-949EABDAFDE6}.Release|x64.Build.0 = Release|Any CPU
		{5391A74E-47D8-46B4-8D12-949EABDAFDE6}.Release|x86.ActiveCfg = Release|Any CPU
		{5391A74E-47D8-46B4-8D12-949EABDAFDE6}.Release|x86.Build.0 = Release|Any CPU
	EndGlobalSection
	GlobalSection(SolutionProperties) = preSolution
		HideSolutionNode = FALSE
	EndGlobalSection
EndGlobal
